
Microsoft Visual Studio Solution File, Format Version 12.00
# Visual Studio Version 17
VisualStudioVersion = 17.4.33103.184
MinimumVisualStudioVersion = 10.0.40219.1
Project("{FAE04EC0-301F-11D3-BF4B-00C04F79EFBC}") = "Desafio", "Desafio.csproj", "{F69443DE-2950-488F-924E-883B353DFCB4}"
EndProject
Global
	GlobalSection(SolutionConfigurationPlatforms) = preSolution
		Debug|Any CPU = Debug|Any CPU
		Release|Any CPU = Release|Any CPU
	EndGlobalSection
	GlobalSection(ProjectConfigurationPlatforms) = postSolution
		{F69443DE-2950-488F-924E-883B353DFCB4}.Debug|Any CPU.ActiveCfg = Debug|Any CPU
		{F69443DE-2950-488F-924E-883B353DFCB4}.Debug|Any CPU.Build.0 = Debug|Any CPU
		{F69443DE-2950-488F-924E-883B353DFCB4}.Release|Any CPU.ActiveCfg = Release|Any CPU
		{F69443DE-2950-488F-924E-883B353DFCB4}.Release|Any CPU.Build.0 = Release|Any CPU
	EndGlobalSection
	GlobalSection(SolutionProperties) = preSolution
		HideSolutionNode = FALSE
	EndGlobalSection
	GlobalSection(ExtensibilityGlobals) = postSolution
		SolutionGuid = {C1B69C11-1B0D-43EE-ABB4-8B496BAAD97F}
	EndGlobalSection
EndGlobal
